
Microsoft Visual Studio Solution File, Format Version 12.00
# Visual Studio 14
VisualStudioVersion = 14.0.25420.1
MinimumVisualStudioVersion = 10.0.40219.1
Project("{FAE04EC0-301F-11D3-BF4B-00C04F79EFBC}") = "Agenda", "Agenda\Agenda.csproj", "{41ECD250-2B08-4068-8865-123232745C71}"
EndProject
Project("{FAE04EC0-301F-11D3-BF4B-00C04F79EFBC}") = "Agenda.ViewModels", "Agenda.ViewModels\Agenda.ViewModels.csproj", "{AD95B503-3B50-468F-BD9F-C9776E08A63F}"
EndProject
Project("{FAE04EC0-301F-11D3-BF4B-00C04F79EFBC}") = "Agenda.Entidades", "Agenda.Entidades\Agenda.Entidades.csproj", "{C1A2157B-56A6-4F04-AE36-90A3A2EAC021}"
EndProject
Project("{FAE04EC0-301F-11D3-BF4B-00C04F79EFBC}") = "Agenda.Logica", "Agenda.Logica\Agenda.Logica.csproj", "{29A96F97-4CCB-4DFA-85A2-2FD8B61B61CF}"
EndProject
Project("{FAE04EC0-301F-11D3-BF4B-00C04F79EFBC}") = "Agenda.Datos", "Agenda.Datos\Agenda.Datos.csproj", "{BFFD7884-29AD-488D-B47B-F87107A331D3}"
EndProject
Global
	GlobalSection(SolutionConfigurationPlatforms) = preSolution
		Debug|Any CPU = Debug|Any CPU
		Release|Any CPU = Release|Any CPU
	EndGlobalSection
	GlobalSection(ProjectConfigurationPlatforms) = postSolution
		{41ECD250-2B08-4068-8865-123232745C71}.Debug|Any CPU.ActiveCfg = Debug|Any CPU
		{41ECD250-2B08-4068-8865-123232745C71}.Debug|Any CPU.Build.0 = Debug|Any CPU
		{41ECD250-2B08-4068-8865-123232745C71}.Release|Any CPU.ActiveCfg = Release|Any CPU
		{41ECD250-2B08-4068-8865-123232745C71}.Release|Any CPU.Build.0 = Release|Any CPU
		{AD95B503-3B50-468F-BD9F-C9776E08A63F}.Debug|Any CPU.ActiveCfg = Debug|Any CPU
		{AD95B503-3B50-468F-BD9F-C9776E08A63F}.Debug|Any CPU.Build.0 = Debug|Any CPU
		{AD95B503-3B50-468F-BD9F-C9776E08A63F}.Release|Any CPU.ActiveCfg = Release|Any CPU
		{AD95B503-3B50-468F-BD9F-C9776E08A63F}.Release|Any CPU.Build.0 = Release|Any CPU
		{C1A2157B-56A6-4F04-AE36-90A3A2EAC021}.Debug|Any CPU.ActiveCfg = Debug|Any CPU
		{C1A2157B-56A6-4F04-AE36-90A3A2EAC021}.Debug|Any CPU.Build.0 = Debug|Any CPU
		{C1A2157B-56A6-4F04-AE36-90A3A2EAC021}.Release|Any CPU.ActiveCfg = Release|Any CPU
		{C1A2157B-56A6-4F04-AE36-90A3A2EAC021}.Release|Any CPU.Build.0 = Release|Any CPU
		{29A96F97-4CCB-4DFA-85A2-2FD8B61B61CF}.Debug|Any CPU.ActiveCfg = Debug|Any CPU
		{29A96F97-4CCB-4DFA-85A2-2FD8B61B61CF}.Debug|Any CPU.Build.0 = Debug|Any CPU
		{29A96F97-4CCB-4DFA-85A2-2FD8B61B61CF}.Release|Any CPU.ActiveCfg = Release|Any CPU
		{29A96F97-4CCB-4DFA-85A2-2FD8B61B61CF}.Release|Any CPU.Build.0 = Release|Any CPU
		{BFFD7884-29AD-488D-B47B-F87107A331D3}.Debug|Any CPU.ActiveCfg = Debug|Any CPU
		{BFFD7884-29AD-488D-B47B-F87107A331D3}.Debug|Any CPU.Build.0 = Debug|Any CPU
		{BFFD7884-29AD-488D-B47B-F87107A331D3}.Release|Any CPU.ActiveCfg = Release|Any CPU
		{BFFD7884-29AD-488D-B47B-F87107A331D3}.Release|Any CPU.Build.0 = Release|Any CPU
	EndGlobalSection
	GlobalSection(SolutionProperties) = preSolution
		HideSolutionNode = FALSE
	EndGlobalSection
EndGlobal
